uuid: 58df6db0-de38-4356-a3ee-78cf7cd2c541
langcode: en
status: true
dependencies:
  config:
    - views.view.listings_block
  module:
    - views
  theme:
    - particle
id: views_block__listings_block_available_listings_block
theme: particle
region: content
weight: -1
provider: null
plugin: 'views_block:listings_block-available_listings_block'
settings:
  id: 'views_block:listings_block-available_listings_block'
  label: ''
  provider: views
  label_display: '0'
  views_label: ''
  items_per_page: none
visibility: {  }
